Microsoft Visual Studio Solution File, Format Version 12.00
Project("{FAE04EC0-301F-11D3-BF4B-00C04F79EFBC}") = "Kairo", "Kairo\Kairo.csproj", "{C658691D-2F37-44FA-B5ED-EA8AE43CD1D6}"
EndProject
Project("{FAE04EC0-301F-11D3-BF4B-00C04F79EFBC}") = "Updater", "Updater\Updater.csproj", "{6E4B9D27-3B3B-4B7A-9A7E-9A1B5B6E6B7C}"
EndProject
Global
	GlobalSection(SolutionConfigurationPlatforms) = preSolution
		Debug|Any CPU = Debug|Any CPU
		Release|Any CPU = Release|Any CPU
	EndGlobalSection
	GlobalSection(ProjectConfigurationPlatforms) = postSolution
		{C658691D-2F37-44FA-B5ED-EA8AE43CD1D6}.Debug|Any CPU.ActiveCfg = Debug|Any CPU
		{C658691D-2F37-44FA-B5ED-EA8AE43CD1D6}.Debug|Any CPU.Build.0 = Debug|Any CPU
		{C658691D-2F37-44FA-B5ED-EA8AE43CD1D6}.Release|Any CPU.ActiveCfg = Release|Any CPU
		{C658691D-2F37-44FA-B5ED-EA8AE43CD1D6}.Release|Any CPU.Build.0 = Release|Any CPU
		{6E4B9D27-3B3B-4B7A-9A7E-9A1B5B6E6B7C}.Debug|Any CPU.ActiveCfg = Debug|Any CPU
		{6E4B9D27-3B3B-4B7A-9A7E-9A1B5B6E6B7C}.Debug|Any CPU.Build.0 = Debug|Any CPU
		{6E4B9D27-3B3B-4B7A-9A7E-9A1B5B6E6B7C}.Release|Any CPU.ActiveCfg = Release|Any CPU
		{6E4B9D27-3B3B-4B7A-9A7E-9A1B5B6E6B7C}.Release|Any CPU.Build.0 = Release|Any CPU
	EndGlobalSection
EndGlobal
